
Microsoft Visual Studio Solution File, Format Version 12.00
# Visual Studio Version 17
VisualStudioVersion = 17.8.34511.84
MinimumVisualStudioVersion = 10.0.40219.1
Project("{9A19103F-16F7-4668-BE54-9A1E7A4F7556}") = "WebApi", "WebApi\WebApi.csproj", "{C27B44CD-9C61-4B38-A7E1-0ADE58AA9751}"
EndProject
Project("{9A19103F-16F7-4668-BE54-9A1E7A4F7556}") = "Core", "Core\Core.csproj", "{DCD5FE7D-4771-4819-B576-8C47B055009C}"
EndProject
Project("{9A19103F-16F7-4668-BE54-9A1E7A4F7556}") = "Infrastracture", "Infrastructure\Infrastracture.csproj", "{5961E055-BED5-4553-AD9F-C300CC3C7A14}"
EndProject
Project("{9A19103F-16F7-4668-BE54-9A1E7A4F7556}") = "Service", "Service\Service.csproj", "{63D94150-104A-440D-851C-E2245F715325}"
EndProject
Project("{9A19103F-16F7-4668-BE54-9A1E7A4F7556}") = "Admin Dashboard", "Admin Dashboard\Admin Dashboard.csproj", "{CDF3CA4F-1B08-4E84-8BDE-BC51D89399AE}"
EndProject
Global
	GlobalSection(SolutionConfigurationPlatforms) = preSolution
		Debug|Any CPU = Debug|Any CPU
		Release|Any CPU = Release|Any CPU
	EndGlobalSection
	GlobalSection(ProjectConfigurationPlatforms) = postSolution
		{C27B44CD-9C61-4B38-A7E1-0ADE58AA9751}.Debug|Any CPU.ActiveCfg = Debug|Any CPU
		{C27B44CD-9C61-4B38-A7E1-0ADE58AA9751}.Debug|Any CPU.Build.0 = Debug|Any CPU
		{C27B44CD-9C61-4B38-A7E1-0ADE58AA9751}.Release|Any CPU.ActiveCfg = Release|Any CPU
		{C27B44CD-9C61-4B38-A7E1-0ADE58AA9751}.Release|Any CPU.Build.0 = Release|Any CPU
		{DCD5FE7D-4771-4819-B576-8C47B055009C}.Debug|Any CPU.ActiveCfg = Debug|Any CPU
		{DCD5FE7D-4771-4819-B576-8C47B055009C}.Debug|Any CPU.Build.0 = Debug|Any CPU
		{DCD5FE7D-4771-4819-B576-8C47B055009C}.Release|Any CPU.ActiveCfg = Release|Any CPU
		{DCD5FE7D-4771-4819-B576-8C47B055009C}.Release|Any CPU.Build.0 = Release|Any CPU
		{5961E055-BED5-4553-AD9F-C300CC3C7A14}.Debug|Any CPU.ActiveCfg = Debug|Any CPU
		{5961E055-BED5-4553-AD9F-C300CC3C7A14}.Debug|Any CPU.Build.0 = Debug|Any CPU
		{5961E055-BED5-4553-AD9F-C300CC3C7A14}.Release|Any CPU.ActiveCfg = Release|Any CPU
		{5961E055-BED5-4553-AD9F-C300CC3C7A14}.Release|Any CPU.Build.0 = Release|Any CPU
		{63D94150-104A-440D-851C-E2245F715325}.Debug|Any CPU.ActiveCfg = Debug|Any CPU
		{63D94150-104A-440D-851C-E2245F715325}.Debug|Any CPU.Build.0 = Debug|Any CPU
		{63D94150-104A-440D-851C-E2245F715325}.Release|Any CPU.ActiveCfg = Release|Any CPU
		{63D94150-104A-440D-851C-E2245F715325}.Release|Any CPU.Build.0 = Release|Any CPU
		{CDF3CA4F-1B08-4E84-8BDE-BC51D89399AE}.Debug|Any CPU.ActiveCfg = Debug|Any CPU
		{CDF3CA4F-1B08-4E84-8BDE-BC51D89399AE}.Debug|Any CPU.Build.0 = Debug|Any CPU
		{CDF3CA4F-1B08-4E84-8BDE-BC51D89399AE}.Release|Any CPU.ActiveCfg = Release|Any CPU
		{CDF3CA4F-1B08-4E84-8BDE-BC51D89399AE}.Release|Any CPU.Build.0 = Release|Any CPU
	EndGlobalSection
	GlobalSection(SolutionProperties) = preSolution
		HideSolutionNode = FALSE
	EndGlobalSection
	GlobalSection(ExtensibilityGlobals) = postSolution
		SolutionGuid = {7A6414CB-FB11-439D-8F7A-C73C60D0422C}
	EndGlobalSection
EndGlobal
